// !$*UTF8*$!
{
	archiveVersion = 1;
	classes = {
	};
	objectVersion = 56;
	objects = {

/* Begin PBXBuildFile section */
		53795DF729F450F4000B1BB4 /* FirstTabView.swift in Sources */ = {isa = PBXBuildFile; fileRef = 53795DF629F450F4000B1BB4 /* FirstTabView.swift */; };
		53795DF929F45100000B1BB4 /* SecondTabView.swift in Sources */ = {isa = PBXBuildFile; fileRef = 53795DF829F45100000B1BB4 /* SecondTabView.swift */; };
		53795DFB29F45368000B1BB4 /* HomeView.swift in Sources */ = {isa = PBXBuildFile; fileRef = 53795DFA29F45368000B1BB4 /* HomeView.swift */; };
		53795DFD29F457D2000B1BB4 /* HomeViewModel.swift in Sources */ = {isa = PBXBuildFile; fileRef = 53795DFC29F457D2000B1BB4 /* HomeViewModel.swift */; };
		53795DFF29F457ED000B1BB4 /* FirstTabViewModel.swift in Sources */ = {isa = PBXBuildFile; fileRef = 53795DFE29F457ED000B1BB4 /* FirstTabViewModel.swift */; };
		537FD5A729EE2E49001E6321 /* Mini1App.swift in Sources */ = {isa = PBXBuildFile; fileRef = 537FD5A629EE2E49001E6321 /* Mini1App.swift */; };
		537FD5A929EE2E49001E6321 /* ContentView.swift in Sources */ = {isa = PBXBuildFile; fileRef = 537FD5A829EE2E49001E6321 /* ContentView.swift */; };
		537FD5AB29EE2E4A001E6321 /* Assets.xcassets in Resources */ = {isa = PBXBuildFile; fileRef = 537FD5AA29EE2E4A001E6321 /* Assets.xcassets */; };
		537FD5AE29EE2E4A001E6321 /* Preview Assets.xcassets in Resources */ = {isa = PBXBuildFile; fileRef = 537FD5AD29EE2E4A001E6321 /* Preview Assets.xcassets */; };
		537FD5B829EE2E4A001E6321 /* Mini1Tests.swift in Sources */ = {isa = PBXBuildFile; fileRef = 537FD5B729EE2E4A001E6321 /* Mini1Tests.swift */; };
		537FD5C229EE2E4A001E6321 /* Mini1UITests.swift in Sources */ = {isa = PBXBuildFile; fileRef = 537FD5C129EE2E4A001E6321 /* Mini1UITests.swift */; };
		537FD5C429EE2E4A001E6321 /* Mini1UITestsLaunchTests.swift in Sources */ = {isa = PBXBuildFile; fileRef = 537FD5C329EE2E4A001E6321 /* Mini1UITestsLaunchTests.swift */; };
/* End PBXBuildFile section */

/* Begin PBXContainerItemProxy section */
		537FD5B429EE2E4A001E6321 /* PBXContainerItemProxy */ = {
			isa = PBXContainerItemProxy;
			containerPortal = 537FD59B29EE2E49001E6321 /* Project object */;
			proxyType = 1;
			remoteGlobalIDString = 537FD5A229EE2E49001E6321;
			remoteInfo = Mini1;
		};
		537FD5BE29EE2E4A001E6321 /* PBXContainerItemProxy */ = {
			isa = PBXContainerItemProxy;
			containerPortal = 537FD59B29EE2E49001E6321 /* Project object */;
			proxyType = 1;
			remoteGlobalIDString = 537FD5A229EE2E49001E6321;
			remoteInfo = Mini1;
		};
/* End PBXContainerItemProxy section */

/* Begin PBXFileReference section */
		53795DF629F450F4000B1BB4 /* FirstTabView.swift */ = {isa = PBXFileReference; lastKnownFileType = sourcecode.swift; path = FirstTabView.swift; sourceTree = "<group>"; };
		53795DF829F45100000B1BB4 /* SecondTabView.swift */ = {isa = PBXFileReference; lastKnownFileType = sourcecode.swift; path = SecondTabView.swift; sourceTree = "<group>"; };
		53795DFA29F45368000B1BB4 /* HomeView.swift */ = {isa = PBXFileReference; lastKnownFileType = sourcecode.swift; path = HomeView.swift; sourceTree = "<group>"; };
		53795DFC29F457D2000B1BB4 /* HomeViewModel.swift */ = {isa = PBXFileReference; lastKnownFileType = sourcecode.swift; path = HomeViewModel.swift; sourceTree = "<group>"; };
		53795DFE29F457ED000B1BB4 /* FirstTabViewModel.swift */ = {isa = PBXFileReference; lastKnownFileType = sourcecode.swift; path = FirstTabViewModel.swift; sourceTree = "<group>"; };
		537FD5A329EE2E49001E6321 /* Mini1.app */ = {isa = PBXFileReference; explicitFileType = wrapper.application; includeInIndex = 0; path = Mini1.app; sourceTree = BUILT_PRODUCTS_DIR; };
		537FD5A629EE2E49001E6321 /* Mini1App.swift */ = {isa = PBXFileReference; lastKnownFileType = sourcecode.swift; path = Mini1App.swift; sourceTree = "<group>"; };
		537FD5A829EE2E49001E6321 /* ContentView.swift */ = {isa = PBXFileReference; lastKnownFileType = sourcecode.swift; path = ContentView.swift; sourceTree = "<group>"; };
		537FD5AA29EE2E4A001E6321 /* Assets.xcassets */ = {isa = PBXFileReference; lastKnownFileType = folder.assetcatalog; path = Assets.xcassets; sourceTree = "<group>"; };
		537FD5AD29EE2E4A001E6321 /* Preview Assets.xcassets */ = {isa = PBXFileReference; lastKnownFileType = folder.assetcatalog; path = "Preview Assets.xcassets"; sourceTree = "<group>"; };
		537FD5B329EE2E4A001E6321 /* Mini1Tests.xctest */ = {isa = PBXFileReference; explicitFileType = wrapper.cfbundle; includeInIndex = 0; path = Mini1Tests.xctest; sourceTree = BUILT_PRODUCTS_DIR; };
		537FD5B729EE2E4A001E6321 /* Mini1Tests.swift */ = {isa = PBXFileReference; lastKnownFileType = sourcecode.swift; path = Mini1Tests.swift; sourceTree = "<group>"; };
		537FD5BD29EE2E4A001E6321 /* Mini1UITests.xctest */ = {isa = PBXFileReference; explicitFileType = wrapper.cfbundle; includeInIndex = 0; path = Mini1UITests.xctest; sourceTree = BUILT_PRODUCTS_DIR; };
		537FD5C129EE2E4A001E6321 /* Mini1UITests.swift */ = {isa = PBXFileReference; lastKnownFileType = sourcecode.swift; path = Mini1UITests.swift; sourceTree = "<group>"; };
		537FD5C329EE2E4A001E6321 /* Mini1UITestsLaunchTests.swift */ = {isa = PBXFileReference; lastKnownFileType = sourcecode.swift; path = Mini1UITestsLaunchTests.swift; sourceTree = "<group>"; };
/* End PBXFileReference section */

/* Begin PBXFrameworksBuildPhase section */
		537FD5A029EE2E49001E6321 /* Frameworks */ = {
			isa = PBXFrameworksBuildPhase;
			buildActionMask = 2147483647;
			files = (
			);
			runOnlyForDeploymentPostprocessing = 0;
		};
		537FD5B029EE2E4A001E6321 /* Frameworks */ = {
			isa = PBXFrameworksBuildPhase;
			buildActionMask = 2147483647;
			files = (
			);
			runOnlyForDeploymentPostprocessing = 0;
		};
		537FD5BA29EE2E4A001E6321 /* Frameworks */ = {
			isa = PBXFrameworksBuildPhase;
			buildActionMask = 2147483647;
			files = (
			);
			runOnlyForDeploymentPostprocessing = 0;
		};
/* End PBXFrameworksBuildPhase section */

/* Begin PBXGroup section */
		537FD59A29EE2E49001E6321 = {
			isa = PBXGroup;
			children = (
				537FD5A529EE2E49001E6321 /* Mini1 */,
				537FD5B629EE2E4A001E6321 /* Mini1Tests */,
				537FD5C029EE2E4A001E6321 /* Mini1UITests */,
				537FD5A429EE2E49001E6321 /* Products */,
			);
			sourceTree = "<group>";
		};
		537FD5A429EE2E49001E6321 /* Products */ = {
			isa = PBXGroup;
			children = (
				537FD5A329EE2E49001E6321 /* Mini1.app */,
				537FD5B329EE2E4A001E6321 /* Mini1Tests.xctest */,
				537FD5BD29EE2E4A001E6321 /* Mini1UITests.xctest */,
			);
			name = Products;
			sourceTree = "<group>";
		};
		537FD5A529EE2E49001E6321 /* Mini1 */ = {
			isa = PBXGroup;
			children = (
				537FD5A629EE2E49001E6321 /* Mini1App.swift */,
				537FD5A829EE2E49001E6321 /* ContentView.swift */,
				53795DFA29F45368000B1BB4 /* HomeView.swift */,
				53795DFC29F457D2000B1BB4 /* HomeViewModel.swift */,
				53795DFE29F457ED000B1BB4 /* FirstTabViewModel.swift */,
				53795DF629F450F4000B1BB4 /* FirstTabView.swift */,
				53795DF829F45100000B1BB4 /* SecondTabView.swift */,
				537FD5AA29EE2E4A001E6321 /* Assets.xcassets */,
				537FD5AC29EE2E4A001E6321 /* Preview Content */,
			);
			path = Mini1;
			sourceTree = "<group>";
		};
		537FD5AC29EE2E4A001E6321 /* Preview Content */ = {
			isa = PBXGroup;
			children = (
				537FD5AD29EE2E4A001E6321 /* Preview Assets.xcassets */,
			);
			path = "Preview Content";
			sourceTree = "<group>";
		};
		537FD5B629EE2E4A001E6321 /* Mini1Tests */ = {
			isa = PBXGroup;
			children = (
				537FD5B729EE2E4A001E6321 /* Mini1Tests.swift */,
			);
			path = Mini1Tests;
			sourceTree = "<group>";
		};
		537FD5C029EE2E4A001E6321 /* Mini1UITests */ = {
			isa = PBXGroup;
			children = (
				537FD5C129EE2E4A001E6321 /* Mini1UITests.swift */,
				537FD5C329EE2E4A001E6321 /* Mini1UITestsLaunchTests.swift */,
			);
			path = Mini1UITests;
			sourceTree = "<group>";
		};
/* End PBXGroup section */

/* Begin PBXNativeTarget section */
		537FD5A229EE2E49001E6321 /* Mini1 */ = {
			isa = PBXNativeTarget;
			buildConfigurationList = 537FD5C729EE2E4A001E6321 /* Build configuration list for PBXNativeTarget "Mini1" */;
			buildPhases = (
				537FD59F29EE2E49001E6321 /* Sources */,
				537FD5A029EE2E49001E6321 /* Frameworks */,
				537FD5A129EE2E49001E6321 /* Resources */,
			);
			buildRules = (
			);
			dependencies = (
			);
			name = Mini1;
			productName = Mini1;
			productReference = 537FD5A329EE2E49001E6321 /* Mini1.app */;
			productType = "com.apple.product-type.application";
		};
		537FD5B229EE2E4A001E6321 /* Mini1Tests */ = {
			isa = PBXNativeTarget;
			buildConfigurationList = 537FD5CA29EE2E4A001E6321 /* Build configuration list for PBXNativeTarget "Mini1Tests" */;
			buildPhases = (
				537FD5AF29EE2E4A001E6321 /* Sources */,
				537FD5B029EE2E4A001E6321 /* Frameworks */,
				537FD5B129EE2E4A001E6321 /* Resources */,
			);
			buildRules = (
			);
			dependencies = (
				537FD5B529EE2E4A001E6321 /* PBXTargetDependency */,
			);
			name = Mini1Tests;
			productName = Mini1Tests;
			productReference = 537FD5B329EE2E4A001E6321 /* Mini1Tests.xctest */;
			productType = "com.apple.product-type.bundle.unit-test";
		};
		537FD5BC29EE2E4A001E6321 /* Mini1UITests */ = {
			isa = PBXNativeTarget;
			buildConfigurationList = 537FD5CD29EE2E4A001E6321 /* Build configuration list for PBXNativeTarget "Mini1UITests" */;
			buildPhases = (
				537FD5B929EE2E4A001E6321 /* Sources */,
				537FD5BA29EE2E4A001E6321 /* Frameworks */,
				537FD5BB29EE2E4A001E6321 /* Resources */,
			);
			buildRules = (
			);
			dependencies = (
				537FD5BF29EE2E4A001E6321 /* PBXTargetDependency */,
			);
			name = Mini1UITests;
			productName = Mini1UITests;
			productReference = 537FD5BD29EE2E4A001E6321 /* Mini1UITests.xctest */;
			productType = "com.apple.product-type.bundle.ui-testing";
		};
/* End PBXNativeTarget section */

/* Begin PBXProject section */
		537FD59B29EE2E49001E6321 /* Project object */ = {
			isa = PBXProject;
			attributes = {
				BuildIndependentTargetsInParallel = 1;
				LastSwiftUpdateCheck = 1430;
				LastUpgradeCheck = 1430;
				TargetAttributes = {
					537FD5A229EE2E49001E6321 = {
						CreatedOnToolsVersion = 14.3;
					};
					537FD5B229EE2E4A001E6321 = {
						CreatedOnToolsVersion = 14.3;
						TestTargetID = 537FD5A229EE2E49001E6321;
					};
					537FD5BC29EE2E4A001E6321 = {
						CreatedOnToolsVersion = 14.3;
						TestTargetID = 537FD5A229EE2E49001E6321;
					};
				};
			};
			buildConfigurationList = 537FD59E29EE2E49001E6321 /* Build configuration list for PBXProject "Mini1" */;
			compatibilityVersion = "Xcode 14.0";
			developmentRegion = en;
			hasScannedForEncodings = 0;
			knownRegions = (
				en,
				Base,
			);
			mainGroup = 537FD59A29EE2E49001E6321;
			productRefGroup = 537FD5A429EE2E49001E6321 /* Products */;
			projectDirPath = "";
			projectRoot = "";
			targets = (
				537FD5A229EE2E49001E6321 /* Mini1 */,
				537FD5B229EE2E4A001E6321 /* Mini1Tests */,
				537FD5BC29EE2E4A001E6321 /* Mini1UITests */,
			);
		};
/* End PBXProject section */

/* Begin PBXResourcesBuildPhase section */
		537FD5A129EE2E49001E6321 /* Resources */ = {
			isa = PBXResourcesBuildPhase;
			buildActionMask = 2147483647;
			files = (
				537FD5AE29EE2E4A001E6321 /* Preview Assets.xcassets in Resources */,
				537FD5AB29EE2E4A001E6321 /* Assets.xcassets in Resources */,
			);
			runOnlyForDeploymentPostprocessing = 0;
		};
		537FD5B129EE2E4A001E6321 /* Resources */ = {
			isa = PBXResourcesBuildPhase;
			buildActionMask = 2147483647;
			files = (
			);
			runOnlyForDeploymentPostprocessing = 0;
		};
		537FD5BB29EE2E4A001E6321 /* Resources */ = {
			isa = PBXResourcesBuildPhase;
			buildActionMask = 2147483647;
			files = (
			);
			runOnlyForDeploymentPostprocessing = 0;
		};
/* End PBXResourcesBuildPhase section */

/* Begin PBXSourcesBuildPhase section */
		537FD59F29EE2E49001E6321 /* Sources */ = {
			isa = PBXSourcesBuildPhase;
			buildActionMask = 2147483647;
			files = (
				537FD5A929EE2E49001E6321 /* ContentView.swift in Sources */,
				53795DFD29F457D2000B1BB4 /* HomeViewModel.swift in Sources */,
				53795DF929F45100000B1BB4 /* SecondTabView.swift in Sources */,
				537FD5A729EE2E49001E6321 /* Mini1App.swift in Sources */,
				53795DFB29F45368000B1BB4 /* HomeView.swift in Sources */,
				53795DF729F450F4000B1BB4 /* FirstTabView.swift in Sources */,
				53795DFF29F457ED000B1BB4 /* FirstTabViewModel.swift in Sources */,
			);
			runOnlyForDeploymentPostprocessing = 0;
		};
		537FD5AF29EE2E4A001E6321 /* Sources */ = {
			isa = PBXSourcesBuildPhase;
			buildActionMask = 2147483647;
			files = (
				537FD5B829EE2E4A001E6321 /* Mini1Tests.swift in Sources */,
			);
			runOnlyForDeploymentPostprocessing = 0;
		};
		537FD5B929EE2E4A001E6321 /* Sources */ = {
			isa = PBXSourcesBuildPhase;
			buildActionMask = 2147483647;
			files = (
				537FD5C229EE2E4A001E6321 /* Mini1UITests.swift in Sources */,
				537FD5C429EE2E4A001E6321 /* Mini1UITestsLaunchTests.swift in Sources */,
			);
			runOnlyForDeploymentPostprocessing = 0;
		};
/* End PBXSourcesBuildPhase section */

/* Begin PBXTargetDependency section */
		537FD5B529EE2E4A001E6321 /* PBXTargetDependency */ = {
			isa = PBXTargetDependency;
			target = 537FD5A229EE2E49001E6321 /* Mini1 */;
			targetProxy = 537FD5B429EE2E4A001E6321 /* PBXContainerItemProxy */;
		};
		537FD5BF29EE2E4A001E6321 /* PBXTargetDependency */ = {
			isa = PBXTargetDependency;
			target = 537FD5A229EE2E49001E6321 /* Mini1 */;
			targetProxy = 537FD5BE29EE2E4A001E6321 /* PBXContainerItemProxy */;
		};
/* End PBXTargetDependency section */

/* Begin XCBuildConfiguration section */
		537FD5C529EE2E4A001E6321 /* Debug */ = {
			isa = XCBuildConfiguration;
			buildSettings = {
				ALWAYS_SEARCH_USER_PATHS = NO;
				CLANG_ANALYZER_NONNULL = YES;
				CLANG_ANALYZER_NUMBER_OBJECT_CONVERSION = YES_AGGRESSIVE;
				CLANG_CXX_LANGUAGE_STANDARD = "gnu++20";
				CLANG_ENABLE_MODULES = YES;
				CLANG_ENABLE_OBJC_ARC = YES;
				CLANG_ENABLE_OBJC_WEAK = YES;
				CLANG_WARN_BLOCK_CAPTURE_AUTORELEASING = YES;
				CLANG_WARN_BOOL_CONVERSION = YES;
				CLANG_WARN_COMMA = YES;
				CLANG_WARN_CONSTANT_CONVERSION = YES;
				CLANG_WARN_DEPRECATED_OBJC_IMPLEMENTATIONS = YES;
				CLANG_WARN_DIRECT_OBJC_ISA_USAGE = YES_ERROR;
				CLANG_WARN_DOCUMENTATION_COMMENTS = YES;
				CLANG_WARN_EMPTY_BODY = YES;
				CLANG_WARN_ENUM_CONVERSION = YES;
				CLANG_WARN_INFINITE_RECURSION = YES;
				CLANG_WARN_INT_CONVERSION = YES;
				CLANG_WARN_NON_LITERAL_NULL_CONVERSION = YES;
				CLANG_WARN_OBJC_IMPLICIT_RETAIN_SELF = YES;
				CLANG_WARN_OBJC_LITERAL_CONVERSION = YES;
				CLANG_WARN_OBJC_ROOT_CLASS = YES_ERROR;
				CLANG_WARN_QUOTED_INCLUDE_IN_FRAMEWORK_HEADER = YES;
				CLANG_WARN_RANGE_LOOP_ANALYSIS = YES;
				CLANG_WARN_STRICT_PROTOTYPES = YES;
				CLANG_WARN_SUSPICIOUS_MOVE = YES;
				CLANG_WARN_UNGUARDED_AVAILABILITY = YES_AGGRESSIVE;
				CLANG_WARN_UNREACHABLE_CODE = YES;
				CLANG_WARN__DUPLICATE_METHOD_MATCH = YES;
				COPY_PHASE_STRIP = NO;
				DEBUG_INFORMATION_FORMAT = dwarf;
				ENABLE_STRICT_OBJC_MSGSEND = YES;
				ENABLE_TESTABILITY = YES;
				GCC_C_LANGUAGE_STANDARD = gnu11;
				GCC_DYNAMIC_NO_PIC = NO;
				GCC_NO_COMMON_BLOCKS = YES;
				GCC_OPTIMIZATION_LEVEL = 0;
				GCC_PREPROCESSOR_DEFINITIONS = (
					"DEBUG=1",
					"$(inherited)",
				);
				GCC_WARN_64_TO_32_BIT_CONVERSION = YES;
				GCC_WARN_ABOUT_RETURN_TYPE = YES_ERROR;
				GCC_WARN_UNDECLARED_SELECTOR = YES;
				GCC_WARN_UNINITIALIZED_AUTOS = YES_AGGRESSIVE;
				GCC_WARN_UNUSED_FUNCTION = YES;
				GCC_WARN_UNUSED_VARIABLE = YES;
				IPHONEOS_DEPLOYMENT_TARGET = 16.4;
				MTL_ENABLE_DEBUG_INFO = INCLUDE_SOURCE;
				MTL_FAST_MATH = YES;
				ONLY_ACTIVE_ARCH = YES;
				SDKROOT = iphoneos;
				SWIFT_ACTIVE_COMPILATION_CONDITIONS = DEBUG;
				SWIFT_OPTIMIZATION_LEVEL = "-Onone";
			};
			name = Debug;
		};
		537FD5C629EE2E4A001E6321 /* Release */ = {
			isa = XCBuildConfiguration;
			buildSettings = {
				ALWAYS_SEARCH_USER_PATHS = NO;
				CLANG_ANALYZER_NONNULL = YES;
				CLANG_ANALYZER_NUMBER_OBJECT_CONVERSION = YES_AGGRESSIVE;
				CLANG_CXX_LANGUAGE_STANDARD = "gnu++20";
				CLANG_ENABLE_MODULES = YES;
				CLANG_ENABLE_OBJC_ARC = YES;
				CLANG_ENABLE_OBJC_WEAK = YES;
				CLANG_WARN_BLOCK_CAPTURE_AUTORELEASING = YES;
				CLANG_WARN_BOOL_CONVERSION = YES;
				CLANG_WARN_COMMA = YES;
				CLANG_WARN_CONSTANT_CONVERSION = YES;
				CLANG_WARN_DEPRECATED_OBJC_IMPLEMENTATIONS = YES;
				CLANG_WARN_DIRECT_OBJC_ISA_USAGE = YES_ERROR;
				CLANG_WARN_DOCUMENTATION_COMMENTS = YES;
				CLANG_WARN_EMPTY_BODY = YES;
				CLANG_WARN_ENUM_CONVERSION = YES;
				CLANG_WARN_INFINITE_RECURSION = YES;
				CLANG_WARN_INT_CONVERSION = YES;
				CLANG_WARN_NON_LITERAL_NULL_CONVERSION = YES;
				CLANG_WARN_OBJC_IMPLICIT_RETAIN_SELF = YES;
				CLANG_WARN_OBJC_LITERAL_CONVERSION = YES;
				CLANG_WARN_OBJC_ROOT_CLASS = YES_ERROR;
				CLANG_WARN_QUOTED_INCLUDE_IN_FRAMEWORK_HEADER = YES;
				CLANG_WARN_RANGE_LOOP_ANALYSIS = YES;
				CLANG_WARN_STRICT_PROTOTYPES = YES;
				CLANG_WARN_SUSPICIOUS_MOVE = YES;
				CLANG_WARN_UNGUARDED_AVAILABILITY = YES_AGGRESSIVE;
				CLANG_WARN_UNREACHABLE_CODE = YES;
				CLANG_WARN__DUPLICATE_METHOD_MATCH = YES;
				COPY_PHASE_STRIP = NO;
				DEBUG_INFORMATION_FORMAT = "dwarf-with-dsym";
				ENABLE_NS_ASSERTIONS = NO;
				ENABLE_STRICT_OBJC_MSGSEND = YES;
				GCC_C_LANGUAGE_STANDARD = gnu11;
				GCC_NO_COMMON_BLOCKS = YES;
				GCC_WARN_64_TO_32_BIT_CONVERSION = YES;
				GCC_WARN_ABOUT_RETURN_TYPE = YES_ERROR;
				GCC_WARN_UNDECLARED_SELECTOR = YES;
				GCC_WARN_UNINITIALIZED_AUTOS = YES_AGGRESSIVE;
				GCC_WARN_UNUSED_FUNCTION = YES;
				GCC_WARN_UNUSED_VARIABLE = YES;
				IPHONEOS_DEPLOYMENT_TARGET = 16.4;
				MTL_ENABLE_DEBUG_INFO = NO;
				MTL_FAST_MATH = YES;
				SDKROOT = iphoneos;
				SWIFT_COMPILATION_MODE = wholemodule;
				SWIFT_OPTIMIZATION_LEVEL = "-O";
				VALIDATE_PRODUCT = YES;
			};
			name = Release;
		};
		537FD5C829EE2E4A001E6321 /* Debug */ = {
			isa = XCBuildConfiguration;
			buildSettings = {
				ASSETCATALOG_COMPILER_APPICON_NAME = AppIcon;
				ASSETCATALOG_COMPILER_GLOBAL_ACCENT_COLOR_NAME = AccentColor;
				CODE_SIGN_STYLE = Automatic;
				CURRENT_PROJECT_VERSION = 1;
				DEVELOPMENT_ASSET_PATHS = "\"Mini1/Preview Content\"";
				DEVELOPMENT_TEAM = RV753K5W6M;
				ENABLE_PREVIEWS = YES;
				GENERATE_INFOPLIST_FILE = YES;
				INFOPLIST_KEY_UIApplicationSceneManifest_Generation = YES;
				INFOPLIST_KEY_UIApplicationSupportsIndirectInputEvents = YES;
				INFOPLIST_KEY_UILaunchScreen_Generation = YES;
				INFOPLIST_KEY_UISupportedInterfaceOrientations_iPad = "UIInterfaceOrientationPortrait UIInterfaceOrientationPortraitUpsideDown UIInterfaceOrientationLandscapeLeft UIInterfaceOrientationLandscapeRight";
				INFOPLIST_KEY_UISupportedInterfaceOrientations_iPhone = "UIInterfaceOrientationPortrait UIInterfaceOrientationLandscapeLeft UIInterfaceOrientationLandscapeRight";
				LD_RUNPATH_SEARCH_PATHS = (
					"$(inherited)",
					"@executable_path/Frameworks",
				);
				MARKETING_VERSION = 1.0;
				PRODUCT_BUNDLE_IDENTIFIER = everyone.Mini1;
				PRODUCT_NAME = "$(TARGET_NAME)";
				SWIFT_EMIT_LOC_STRINGS = YES;
				SWIFT_VERSION = 5.0;
				TARGETED_DEVICE_FAMILY = "1,2";
			};
			name = Debug;
		};
		537FD5C929EE2E4A001E6321 /* Release */ = {
			isa = XCBuildConfiguration;
			buildSettings = {
				ASSETCATALOG_COMPILER_APPICON_NAME = AppIcon;
				ASSETCATALOG_COMPILER_GLOBAL_ACCENT_COLOR_NAME = AccentColor;
				CODE_SIGN_STYLE = Automatic;
				CURRENT_PROJECT_VERSION = 1;
				DEVELOPMENT_ASSET_PATHS = "\"Mini1/Preview Content\"";
				DEVELOPMENT_TEAM = RV753K5W6M;
				ENABLE_PREVIEWS = YES;
				GENERATE_INFOPLIST_FILE = YES;
				INFOPLIST_KEY_UIApplicationSceneManifest_Generation = YES;
				INFOPLIST_KEY_UIApplicationSupportsIndirectInputEvents = YES;
				INFOPLIST_KEY_UILaunchScreen_Generation = YES;
				INFOPLIST_KEY_UISupportedInterfaceOrientations_iPad = "UIInterfaceOrientationPortrait UIInterfaceOrientationPortraitUpsideDown UIInterfaceOrientationLandscapeLeft UIInterfaceOrientationLandscapeRight";
				INFOPLIST_KEY_UISupportedInterfaceOrientations_iPhone = "UIInterfaceOrientationPortrait UIInterfaceOrientationLandscapeLeft UIInterfaceOrientationLandscapeRight";
				LD_RUNPATH_SEARCH_PATHS = (
					"$(inherited)",
					"@executable_path/Frameworks",
				);
				MARKETING_VERSION = 1.0;
				PRODUCT_BUNDLE_IDENTIFIER = everyone.Mini1;
				PRODUCT_NAME = "$(TARGET_NAME)";
				SWIFT_EMIT_LOC_STRINGS = YES;
				SWIFT_VERSION = 5.0;
				TARGETED_DEVICE_FAMILY = "1,2";
			};
			name = Release;
		};
		537FD5CB29EE2E4A001E6321 /* Debug */ = {
			isa = XCBuildConfiguration;
			buildSettings = {
				ALWAYS_EMBED_SWIFT_STANDARD_LIBRARIES = YES;
				BUNDLE_LOADER = "$(TEST_HOST)";
				CODE_SIGN_STYLE = Automatic;
				CURRENT_PROJECT_VERSION = 1;
				DEVELOPMENT_TEAM = RV753K5W6M;
				GENERATE_INFOPLIST_FILE = YES;
				IPHONEOS_DEPLOYMENT_TARGET = 16.4;
				MARKETING_VERSION = 1.0;
				PRODUCT_BUNDLE_IDENTIFIER = everyone.Mini1Tests;
				PRODUCT_NAME = "$(TARGET_NAME)";
				SWIFT_EMIT_LOC_STRINGS = NO;
				SWIFT_VERSION = 5.0;
				TARGETED_DEVICE_FAMILY = "1,2";
				TEST_HOST = "$(BUILT_PRODUCTS_DIR)/Mini1.app/$(BUNDLE_EXECUTABLE_FOLDER_PATH)/Mini1";
			};
			name = Debug;
		};
		537FD5CC29EE2E4A001E6321 /* Release */ = {
			isa = XCBuildConfiguration;
			buildSettings = {
				ALWAYS_EMBED_SWIFT_STANDARD_LIBRARIES = YES;
				BUNDLE_LOADER = "$(TEST_HOST)";
				CODE_SIGN_STYLE = Automatic;
				CURRENT_PROJECT_VERSION = 1;
				DEVELOPMENT_TEAM = RV753K5W6M;
				GENERATE_INFOPLIST_FILE = YES;
				IPHONEOS_DEPLOYMENT_TARGET = 16.4;
				MARKETING_VERSION = 1.0;
				PRODUCT_BUNDLE_IDENTIFIER = everyone.Mini1Tests;
				PRODUCT_NAME = "$(TARGET_NAME)";
				SWIFT_EMIT_LOC_STRINGS = NO;
				SWIFT_VERSION = 5.0;
				TARGETED_DEVICE_FAMILY = "1,2";
				TEST_HOST = "$(BUILT_PRODUCTS_DIR)/Mini1.app/$(BUNDLE_EXECUTABLE_FOLDER_PATH)/Mini1";
			};
			name = Release;
		};
		537FD5CE29EE2E4A001E6321 /* Debug */ = {
			isa = XCBuildConfiguration;
			buildSettings = {
				ALWAYS_EMBED_SWIFT_STANDARD_LIBRARIES = YES;
				CODE_SIGN_STYLE = Automatic;
				CURRENT_PROJECT_VERSION = 1;
				DEVELOPMENT_TEAM = RV753K5W6M;
				GENERATE_INFOPLIST_FILE = YES;
				MARKETING_VERSION = 1.0;
				PRODUCT_BUNDLE_IDENTIFIER = everyone.Mini1UITests;
				PRODUCT_NAME = "$(TARGET_NAME)";
				SWIFT_EMIT_LOC_STRINGS = NO;
				SWIFT_VERSION = 5.0;
				TARGETED_DEVICE_FAMILY = "1,2";
				TEST_TARGET_NAME = Mini1;
			};
			name = Debug;
		};
		537FD5CF29EE2E4A001E6321 /* Release */ = {
			isa = XCBuildConfiguration;
			buildSettings = {
				ALWAYS_EMBED_SWIFT_STANDARD_LIBRARIES = YES;
				CODE_SIGN_STYLE = Automatic;
				CURRENT_PROJECT_VERSION = 1;
				DEVELOPMENT_TEAM = RV753K5W6M;
				GENERATE_INFOPLIST_FILE = YES;
				MARKETING_VERSION = 1.0;
				PRODUCT_BUNDLE_IDENTIFIER = everyone.Mini1UITests;
				PRODUCT_NAME = "$(TARGET_NAME)";
				SWIFT_EMIT_LOC_STRINGS = NO;
				SWIFT_VERSION = 5.0;
				TARGETED_DEVICE_FAMILY = "1,2";
				TEST_TARGET_NAME = Mini1;
			};
			name = Release;
		};
/* End XCBuildConfiguration section */

/* Begin XCConfigurationList section */
		537FD59E29EE2E49001E6321 /* Build configuration list for PBXProject "Mini1" */ = {
			isa = XCConfigurationList;
			buildConfigurations = (
				537FD5C529EE2E4A001E6321 /* Debug */,
				537FD5C629EE2E4A001E6321 /* Release */,
			);
			defaultConfigurationIsVisible = 0;
			defaultConfigurationName = Release;
		};
		537FD5C729EE2E4A001E6321 /* Build configuration list for PBXNativeTarget "Mini1" */ = {
			isa = XCConfigurationList;
			buildConfigurations = (
				537FD5C829EE2E4A001E6321 /* Debug */,
				537FD5C929EE2E4A001E6321 /* Release */,
			);
			defaultConfigurationIsVisible = 0;
			defaultConfigurationName = Release;
		};
		537FD5CA29EE2E4A001E6321 /* Build configuration list for PBXNativeTarget "Mini1Tests" */ = {
			isa = XCConfigurationList;
			buildConfigurations = (
				537FD5CB29EE2E4A001E6321 /* Debug */,
				537FD5CC29EE2E4A001E6321 /* Release */,
			);
			defaultConfigurationIsVisible = 0;
			defaultConfigurationName = Release;
		};
		537FD5CD29EE2E4A001E6321 /* Build configuration list for PBXNativeTarget "Mini1UITests" */ = {
			isa = XCConfigurationList;
			buildConfigurations = (
				537FD5CE29EE2E4A001E6321 /* Debug */,
				537FD5CF29EE2E4A001E6321 /* Release */,
			);
			defaultConfigurationIsVisible = 0;
			defaultConfigurationName = Release;
		};
/* End XCConfigurationList section */
	};
	rootObject = 537FD59B29EE2E49001E6321 /* Project object */;
}
